
Microsoft Visual Studio Solution File, Format Version 12.00
# Visual Studio Version 16
VisualStudioVersion = 16.0.29609.76
MinimumVisualStudioVersion = 10.0.40219.1
Project("{FAE04EC0-301F-11D3-BF4B-00C04F79EFBC}") = "AppTipoCambio.UWP", "AppTipoCambio.UWP\AppTipoCambio.UWP.csproj", "{35A805BD-27B8-43FD-BEAB-81C3F2F76D77}"
EndProject
Project("{FAE04EC0-301F-11D3-BF4B-00C04F79EFBC}") = "AppTipoCambio.Android", "AppTipoCambio.Android\AppTipoCambio.Android.csproj", "{4F078712-1DE2-4617-BC3F-79AB16F916DF}"
EndProject
Project("{FAE04EC0-301F-11D3-BF4B-00C04F79EFBC}") = "AppTipoCambio.iOS", "AppTipoCambio.iOS\AppTipoCambio.iOS.csproj", "{F6429385-B779-4B93-B327-1EE515ADFB0A}"
EndProject
Project("{FAE04EC0-301F-11D3-BF4B-00C04F79EFBC}") = "AppTipoCambio", "AppTipoCambio\AppTipoCambio.csproj", "{AE0A636A-7BEE-4F83-96F0-40705CB45AE6}"
EndProject
Global
	GlobalSection(SolutionConfigurationPlatforms) = preSolution
		Debug|Any CPU = Debug|Any CPU
		Debug|ARM = Debug|ARM
		Debug|iPhone = Debug|iPhone
		Debug|iPhoneSimulator = Debug|iPhoneSimulator
		Debug|x64 = Debug|x64
		Debug|x86 = Debug|x86
		Release|Any CPU = Release|Any CPU
		Release|ARM = Release|ARM
		Release|iPhone = Release|iPhone
		Release|iPhoneSimulator = Release|iPhoneSimulator
		Release|x64 = Release|x64
		Release|x86 = Release|x86
	EndGlobalSection
	GlobalSection(ProjectConfigurationPlatforms) = postSolution
		{35A805BD-27B8-43FD-BEAB-81C3F2F76D77}.Debug|Any CPU.ActiveCfg = Debug|x86
		{35A805BD-27B8-43FD-BEAB-81C3F2F76D77}.Debug|Any CPU.Build.0 = Debug|x86
		{35A805BD-27B8-43FD-BEAB-81C3F2F76D77}.Debug|Any CPU.Deploy.0 = Debug|x86
		{35A805BD-27B8-43FD-BEAB-81C3F2F76D77}.Debug|ARM.ActiveCfg = Debug|ARM
		{35A805BD-27B8-43FD-BEAB-81C3F2F76D77}.Debug|ARM.Build.0 = Debug|ARM
		{35A805BD-27B8-43FD-BEAB-81C3F2F76D77}.Debug|ARM.Deploy.0 = Debug|ARM
		{35A805BD-27B8-43FD-BEAB-81C3F2F76D77}.Debug|iPhone.ActiveCfg = Debug|x86
		{35A805BD-27B8-43FD-BEAB-81C3F2F76D77}.Debug|iPhone.Build.0 = Debug|x86
		{35A805BD-27B8-43FD-BEAB-81C3F2F76D77}.Debug|iPhone.Deploy.0 = Debug|x86
		{35A805BD-27B8-43FD-BEAB-81C3F2F76D77}.Debug|iPhoneSimulator.ActiveCfg = Debug|x86
		{35A805BD-27B8-43FD-BEAB-81C3F2F76D77}.Debug|iPhoneSimulator.Build.0 = Debug|x86
		{35A805BD-27B8-43FD-BEAB-81C3F2F76D77}.Debug|iPhoneSimulator.Deploy.0 = Debug|x86
		{35A805BD-27B8-43FD-BEAB-81C3F2F76D77}.Debug|x64.ActiveCfg = Debug|x64
		{35A805BD-27B8-43FD-BEAB-81C3F2F76D77}.Debug|x64.Build.0 = Debug|x64
		{35A805BD-27B8-43FD-BEAB-81C3F2F76D77}.Debug|x64.Deploy.0 = Debug|x64
		{35A805BD-27B8-43FD-BEAB-81C3F2F76D77}.Debug|x86.ActiveCfg = Debug|x86
		{35A805BD-27B8-43FD-BEAB-81C3F2F76D77}.Debug|x86.Build.0 = Debug|x86
		{35A805BD-27B8-43FD-BEAB-81C3F2F76D77}.Debug|x86.Deploy.0 = Debug|x86
		{35A805BD-27B8-43FD-BEAB-81C3F2F76D77}.Release|Any CPU.ActiveCfg = Release|x86
		{35A805BD-27B8-43FD-BEAB-81C3F2F76D77}.Release|Any CPU.Build.0 = Release|x86
		{35A805BD-27B8-43FD-BEAB-81C3F2F76D77}.Release|Any CPU.Deploy.0 = Release|x86
		{35A805BD-27B8-43FD-BEAB-81C3F2F76D77}.Release|ARM.ActiveCfg = Release|ARM
		{35A805BD-27B8-43FD-BEAB-81C3F2F76D77}.Release|ARM.Build.0 = Release|ARM
		{35A805BD-27B8-43FD-BEAB-81C3F2F76D77}.Release|ARM.Deploy.0 = Release|ARM
		{35A805BD-27B8-43FD-BEAB-81C3F2F76D77}.Release|iPhone.ActiveCfg = Release|x86
		{35A805BD-27B8-43FD-BEAB-81C3F2F76D77}.Release|iPhone.Build.0 = Release|x86
		{35A805BD-27B8-43FD-BEAB-81C3F2F76D77}.Release|iPhone.Deploy.0 = Release|x86
		{35A805BD-27B8-43FD-BEAB-81C3F2F76D77}.Release|iPhoneSimulator.ActiveCfg = Release|x86
		{35A805BD-27B8-43FD-BEAB-81C3F2F76D77}.Release|iPhoneSimulator.Build.0 = Release|x86
		{35A805BD-27B8-43FD-BEAB-81C3F2F76D77}.Release|iPhoneSimulator.Deploy.0 = Release|x86
		{35A805BD-27B8-43FD-BEAB-81C3F2F76D77}.Release|x64.ActiveCfg = Release|x64
		{35A805BD-27B8-43FD-BEAB-81C3F2F76D77}.Release|x64.Build.0 = Release|x64
		{35A805BD-27B8-43FD-BEAB-81C3F2F76D77}.Release|x64.Deploy.0 = Release|x64
		{35A805BD-27B8-43FD-BEAB-81C3F2F76D77}.Release|x86.ActiveCfg = Release|x86
		{35A805BD-27B8-43FD-BEAB-81C3F2F76D77}.Release|x86.Build.0 = Release|x86
		{35A805BD-27B8-43FD-BEAB-81C3F2F76D77}.Release|x86.Deploy.0 = Release|x86
		{4F078712-1DE2-4617-BC3F-79AB16F916DF}.Debug|Any CPU.ActiveCfg = Debug|Any CPU
		{4F078712-1DE2-4617-BC3F-79AB16F916DF}.Debug|Any CPU.Build.0 = Debug|Any CPU
		{4F078712-1DE2-4617-BC3F-79AB16F916DF}.Debug|Any CPU.Deploy.0 = Debug|Any CPU
		{4F078712-1DE2-4617-BC3F-79AB16F916DF}.Debug|ARM.ActiveCfg = Debug|Any CPU
		{4F078712-1DE2-4617-BC3F-79AB16F916DF}.Debug|ARM.Build.0 = Debug|Any CPU
		{4F078712-1DE2-4617-BC3F-79AB16F916DF}.Debug|ARM.Deploy.0 = Debug|Any CPU
		{4F078712-1DE2-4617-BC3F-79AB16F916DF}.Debug|iPhone.ActiveCfg = Debug|Any CPU
		{4F078712-1DE2-4617-BC3F-79AB16F916DF}.Debug|iPhone.Build.0 = Debug|Any CPU
		{4F078712-1DE2-4617-BC3F-79AB16F916DF}.Debug|iPhone.Deploy.0 = Debug|Any CPU
		{4F078712-1DE2-4617-BC3F-79AB16F916DF}.Debug|iPhoneSimulator.ActiveCfg = Debug|Any CPU
		{4F078712-1DE2-4617-BC3F-79AB16F916DF}.Debug|iPhoneSimulator.Build.0 = Debug|Any CPU
		{4F078712-1DE2-4617-BC3F-79AB16F916DF}.Debug|iPhoneSimulator.Deploy.0 = Debug|Any CPU
		{4F078712-1DE2-4617-BC3F-79AB16F916DF}.Debug|x64.ActiveCfg = Debug|Any CPU
		{4F078712-1DE2-4617-BC3F-79AB16F916DF}.Debug|x64.Build.0 = Debug|Any CPU
		{4F078712-1DE2-4617-BC3F-79AB16F916DF}.Debug|x64.Deploy.0 = Debug|Any CPU
		{4F078712-1DE2-4617-BC3F-79AB16F916DF}.Debug|x86.ActiveCfg = Debug|Any CPU
		{4F078712-1DE2-4617-BC3F-79AB16F916DF}.Debug|x86.Build.0 = Debug|Any CPU
		{4F078712-1DE2-4617-BC3F-79AB16F916DF}.Debug|x86.Deploy.0 = Debug|Any CPU
		{4F078712-1DE2-4617-BC3F-79AB16F916DF}.Release|Any CPU.ActiveCfg = Release|Any CPU
		{4F078712-1DE2-4617-BC3F-79AB16F916DF}.Release|Any CPU.Build.0 = Release|Any CPU
		{4F078712-1DE2-4617-BC3F-79AB16F916DF}.Release|Any CPU.Deploy.0 = Release|Any CPU
		{4F078712-1DE2-4617-BC3F-79AB16F916DF}.Release|ARM.ActiveCfg = Release|Any CPU
		{4F078712-1DE2-4617-BC3F-79AB16F916DF}.Release|ARM.Build.0 = Release|Any CPU
		{4F078712-1DE2-4617-BC3F-79AB16F916DF}.Release|ARM.Deploy.0 = Release|Any CPU
		{4F078712-1DE2-4617-BC3F-79AB16F916DF}.Release|iPhone.ActiveCfg = Release|Any CPU
		{4F078712-1DE2-4617-BC3F-79AB16F916DF}.Release|iPhone.Build.0 = Release|Any CPU
		{4F078712-1DE2-4617-BC3F-79AB16F916DF}.Release|iPhone.Deploy.0 = Release|Any CPU
		{4F078712-1DE2-4617-BC3F-79AB16F916DF}.Release|iPhoneSimulator.ActiveCfg = Release|Any CPU
		{4F078712-1DE2-4617-BC3F-79AB16F916DF}.Release|iPhoneSimulator.Build.0 = Release|Any CPU
		{4F078712-1DE2-4617-BC3F-79AB16F916DF}.Release|iPhoneSimulator.Deploy.0 = Release|Any CPU
		{4F078712-1DE2-4617-BC3F-79AB16F916DF}.Release|x64.ActiveCfg = Release|Any CPU
		{4F078712-1DE2-4617-BC3F-79AB16F916DF}.Release|x64.Build.0 = Release|Any CPU
		{4F078712-1DE2-4617-BC3F-79AB16F916DF}.Release|x64.Deploy.0 = Release|Any CPU
		{4F078712-1DE2-4617-BC3F-79AB16F916DF}.Release|x86.ActiveCfg = Release|Any CPU
		{4F078712-1DE2-4617-BC3F-79AB16F916DF}.Release|x86.Build.0 = Release|Any CPU
		{4F078712-1DE2-4617-BC3F-79AB16F916DF}.Release|x86.Deploy.0 = Release|Any CPU
		{F6429385-B779-4B93-B327-1EE515ADFB0A}.Debug|Any CPU.ActiveCfg = Debug|iPhone
		{F6429385-B779-4B93-B327-1EE515ADFB0A}.Debug|Any CPU.Build.0 = Debug|iPhone
		{F6429385-B779-4B93-B327-1EE515ADFB0A}.Debug|Any CPU.Deploy.0 = Debug|iPhone
		{F6429385-B779-4B93-B327-1EE515ADFB0A}.Debug|ARM.ActiveCfg = Debug|iPhoneSimulator
		{F6429385-B779-4B93-B327-1EE515ADFB0A}.Debug|ARM.Build.0 = Debug|iPhoneSimulator
		{F6429385-B779-4B93-B327-1EE515ADFB0A}.Debug|ARM.Deploy.0 = Debug|iPhoneSimulator
		{F6429385-B779-4B93-B327-1EE515ADFB0A}.Debug|iPhone.ActiveCfg = Debug|iPhone
		{F6429385-B779-4B93-B327-1EE515ADFB0A}.Debug|iPhone.Build.0 = Debug|iPhone
		{F6429385-B779-4B93-B327-1EE515ADFB0A}.Debug|iPhone.Deploy.0 = Debug|iPhone
		{F6429385-B779-4B93-B327-1EE515ADFB0A}.Debug|iPhoneSimulator.ActiveCfg = Debug|iPhoneSimulator
		{F6429385-B779-4B93-B327-1EE515ADFB0A}.Debug|iPhoneSimulator.Build.0 = Debug|iPhoneSimulator
		{F6429385-B779-4B93-B327-1EE515ADFB0A}.Debug|iPhoneSimulator.Deploy.0 = Debug|iPhoneSimulator
		{F6429385-B779-4B93-B327-1EE515ADFB0A}.Debug|x64.ActiveCfg = Debug|iPhone
		{F6429385-B779-4B93-B327-1EE515ADFB0A}.Debug|x64.Build.0 = Debug|iPhone
		{F6429385-B779-4B93-B327-1EE515ADFB0A}.Debug|x64.Deploy.0 = Debug|iPhone
		{F6429385-B779-4B93-B327-1EE515ADFB0A}.Debug|x86.ActiveCfg = Debug|iPhone
		{F6429385-B779-4B93-B327-1EE515ADFB0A}.Debug|x86.Build.0 = Debug|iPhone
		{F6429385-B779-4B93-B327-1EE515ADFB0A}.Debug|x86.Deploy.0 = Debug|iPhone
		{F6429385-B779-4B93-B327-1EE515ADFB0A}.Release|Any CPU.ActiveCfg = Release|iPhone
		{F6429385-B779-4B93-B327-1EE515ADFB0A}.Release|Any CPU.Build.0 = Release|iPhone
		{F6429385-B779-4B93-B327-1EE515ADFB0A}.Release|Any CPU.Deploy.0 = Release|iPhone
		{F6429385-B779-4B93-B327-1EE515ADFB0A}.Release|ARM.ActiveCfg = Release|iPhone
		{F6429385-B779-4B93-B327-1EE515ADFB0A}.Release|ARM.Build.0 = Release|iPhone
		{F6429385-B779-4B93-B327-1EE515ADFB0A}.Release|ARM.Deploy.0 = Release|iPhone
		{F6429385-B779-4B93-B327-1EE515ADFB0A}.Release|iPhone.ActiveCfg = Release|iPhone
		{F6429385-B779-4B93-B327-1EE515ADFB0A}.Release|iPhone.Build.0 = Release|iPhone
		{F6429385-B779-4B93-B327-1EE515ADFB0A}.Release|iPhone.Deploy.0 = Release|iPhone
		{F6429385-B779-4B93-B327-1EE515ADFB0A}.Release|iPhoneSimulator.ActiveCfg = Release|iPhoneSimulator
		{F6429385-B779-4B93-B327-1EE515ADFB0A}.Release|iPhoneSimulator.Build.0 = Release|iPhoneSimulator
		{F6429385-B779-4B93-B327-1EE515ADFB0A}.Release|iPhoneSimulator.Deploy.0 = Release|iPhoneSimulator
		{F6429385-B779-4B93-B327-1EE515ADFB0A}.Release|x64.ActiveCfg = Release|iPhone
		{F6429385-B779-4B93-B327-1EE515ADFB0A}.Release|x64.Build.0 = Release|iPhone
		{F6429385-B779-4B93-B327-1EE515ADFB0A}.Release|x64.Deploy.0 = Release|iPhone
		{F6429385-B779-4B93-B327-1EE515ADFB0A}.Release|x86.ActiveCfg = Release|iPhone
		{F6429385-B779-4B93-B327-1EE515ADFB0A}.Release|x86.Build.0 = Release|iPhone
		{F6429385-B779-4B93-B327-1EE515ADFB0A}.Release|x86.Deploy.0 = Release|iPhone
		{AE0A636A-7BEE-4F83-96F0-40705CB45AE6}.Debug|Any CPU.ActiveCfg = Debug|Any CPU
		{AE0A636A-7BEE-4F83-96F0-40705CB45AE6}.Debug|Any CPU.Build.0 = Debug|Any CPU
		{AE0A636A-7BEE-4F83-96F0-40705CB45AE6}.Debug|Any CPU.Deploy.0 = Debug|Any CPU
		{AE0A636A-7BEE-4F83-96F0-40705CB45AE6}.Debug|ARM.ActiveCfg = Debug|Any CPU
		{AE0A636A-7BEE-4F83-96F0-40705CB45AE6}.Debug|ARM.Build.0 = Debug|Any CPU
		{AE0A636A-7BEE-4F83-96F0-40705CB45AE6}.Debug|ARM.Deploy.0 = Debug|Any CPU
		{AE0A636A-7BEE-4F83-96F0-40705CB45AE6}.Debug|iPhone.ActiveCfg = Debug|Any CPU
		{AE0A636A-7BEE-4F83-96F0-40705CB45AE6}.Debug|iPhone.Build.0 = Debug|Any CPU
		{AE0A636A-7BEE-4F83-96F0-40705CB45AE6}.Debug|iPhone.Deploy.0 = Debug|Any CPU
		{AE0A636A-7BEE-4F83-96F0-40705CB45AE6}.Debug|iPhoneSimulator.ActiveCfg = Debug|Any CPU
		{AE0A636A-7BEE-4F83-96F0-40705CB45AE6}.Debug|iPhoneSimulator.Build.0 = Debug|Any CPU
		{AE0A636A-7BEE-4F83-96F0-40705CB45AE6}.Debug|iPhoneSimulator.Deploy.0 = Debug|Any CPU
		{AE0A636A-7BEE-4F83-96F0-40705CB45AE6}.Debug|x64.ActiveCfg = Debug|Any CPU
		{AE0A636A-7BEE-4F83-96F0-40705CB45AE6}.Debug|x64.Build.0 = Debug|Any CPU
		{AE0A636A-7BEE-4F83-96F0-40705CB45AE6}.Debug|x64.Deploy.0 = Debug|Any CPU
		{AE0A636A-7BEE-4F83-96F0-40705CB45AE6}.Debug|x86.ActiveCfg = Debug|Any CPU
		{AE0A636A-7BEE-4F83-96F0-40705CB45AE6}.Debug|x86.Build.0 = Debug|Any CPU
		{AE0A636A-7BEE-4F83-96F0-40705CB45AE6}.Debug|x86.Deploy.0 = Debug|Any CPU
		{AE0A636A-7BEE-4F83-96F0-40705CB45AE6}.Release|Any CPU.ActiveCfg = Release|Any CPU
		{AE0A636A-7BEE-4F83-96F0-40705CB45AE6}.Release|Any CPU.Build.0 = Release|Any CPU
		{AE0A636A-7BEE-4F83-96F0-40705CB45AE6}.Release|Any CPU.Deploy.0 = Release|Any CPU
		{AE0A636A-7BEE-4F83-96F0-40705CB45AE6}.Release|ARM.ActiveCfg = Release|Any CPU
		{AE0A636A-7BEE-4F83-96F0-40705CB45AE6}.Release|ARM.Build.0 = Release|Any CPU
		{AE0A636A-7BEE-4F83-96F0-40705CB45AE6}.Release|ARM.Deploy.0 = Release|Any CPU
		{AE0A636A-7BEE-4F83-96F0-40705CB45AE6}.Release|iPhone.ActiveCfg = Release|Any CPU
		{AE0A636A-7BEE-4F83-96F0-40705CB45AE6}.Release|iPhone.Build.0 = Release|Any CPU
		{AE0A636A-7BEE-4F83-96F0-40705CB45AE6}.Release|iPhone.Deploy.0 = Release|Any CPU
		{AE0A636A-7BEE-4F83-96F0-40705CB45AE6}.Release|iPhoneSimulator.ActiveCfg = Release|Any CPU
		{AE0A636A-7BEE-4F83-96F0-40705CB45AE6}.Release|iPhoneSimulator.Build.0 = Release|Any CPU
		{AE0A636A-7BEE-4F83-96F0-40705CB45AE6}.Release|iPhoneSimulator.Deploy.0 = Release|Any CPU
		{AE0A636A-7BEE-4F83-96F0-40705CB45AE6}.Release|x64.ActiveCfg = Release|Any CPU
		{AE0A636A-7BEE-4F83-96F0-40705CB45AE6}.Release|x64.Build.0 = Release|Any CPU
		{AE0A636A-7BEE-4F83-96F0-40705CB45AE6}.Release|x64.Deploy.0 = Release|Any CPU
		{AE0A636A-7BEE-4F83-96F0-40705CB45AE6}.Release|x86.ActiveCfg = Release|Any CPU
		{AE0A636A-7BEE-4F83-96F0-40705CB45AE6}.Release|x86.Build.0 = Release|Any CPU
		{AE0A636A-7BEE-4F83-96F0-40705CB45AE6}.Release|x86.Deploy.0 = Release|Any CPU
	EndGlobalSection
	GlobalSection(SolutionProperties) = preSolution
		HideSolutionNode = FALSE
	EndGlobalSection
	GlobalSection(ExtensibilityGlobals) = postSolution
		SolutionGuid = {C1DEF147-1A4E-4E11-A528-DAC0B375E2D2}
	EndGlobalSection
EndGlobal
